
Microsoft Visual Studio Solution File, Format Version 12.00
# Visual Studio Version 16
VisualStudioVersion = 16.0.30611.23
MinimumVisualStudioVersion = 10.0.40219.1
Project("{9A19103F-16F7-4668-BE54-9A1E7A4F7556}") = "OdeToFood", "OdeToFood\OdeToFood.csproj", "{19FAF4AA-3210-465F-8958-11A3BBA0F396}"
EndProject
Project("{9A19103F-16F7-4668-BE54-9A1E7A4F7556}") = "OdeToFood.Core", "OdeToFood.Core\OdeToFood.Core.csproj", "{B197EF8A-CD13-4630-A36B-971E582A5777}"
EndProject
Project("{9A19103F-16F7-4668-BE54-9A1E7A4F7556}") = "OdeToFood.Data", "OdeToFood.Data\OdeToFood.Data.csproj", "{4EFCDAE3-B6A4-4431-B1E6-E907A53B1668}"
EndProject
Global
	GlobalSection(SolutionConfigurationPlatforms) = preSolution
		Debug|Any CPU = Debug|Any CPU
		Release|Any CPU = Release|Any CPU
	EndGlobalSection
	GlobalSection(ProjectConfigurationPlatforms) = postSolution
		{19FAF4AA-3210-465F-8958-11A3BBA0F396}.Debug|Any CPU.ActiveCfg = Debug|Any CPU
		{19FAF4AA-3210-465F-8958-11A3BBA0F396}.Debug|Any CPU.Build.0 = Debug|Any CPU
		{19FAF4AA-3210-465F-8958-11A3BBA0F396}.Release|Any CPU.ActiveCfg = Release|Any CPU
		{19FAF4AA-3210-465F-8958-11A3BBA0F396}.Release|Any CPU.Build.0 = Release|Any CPU
		{B197EF8A-CD13-4630-A36B-971E582A5777}.Debug|Any CPU.ActiveCfg = Debug|Any CPU
		{B197EF8A-CD13-4630-A36B-971E582A5777}.Debug|Any CPU.Build.0 = Debug|Any CPU
		{B197EF8A-CD13-4630-A36B-971E582A5777}.Release|Any CPU.ActiveCfg = Release|Any CPU
		{B197EF8A-CD13-4630-A36B-971E582A5777}.Release|Any CPU.Build.0 = Release|Any CPU
		{4EFCDAE3-B6A4-4431-B1E6-E907A53B1668}.Debug|Any CPU.ActiveCfg = Debug|Any CPU
		{4EFCDAE3-B6A4-4431-B1E6-E907A53B1668}.Debug|Any CPU.Build.0 = Debug|Any CPU
		{4EFCDAE3-B6A4-4431-B1E6-E907A53B1668}.Release|Any CPU.ActiveCfg = Release|Any CPU
		{4EFCDAE3-B6A4-4431-B1E6-E907A53B1668}.Release|Any CPU.Build.0 = Release|Any CPU
	EndGlobalSection
	GlobalSection(SolutionProperties) = preSolution
		HideSolutionNode = FALSE
	EndGlobalSection
	GlobalSection(ExtensibilityGlobals) = postSolution
		SolutionGuid = {2AEBD082-20BA-47C1-A4FA-0442687C2F31}
	EndGlobalSection
EndGlobal
